// !$*UTF8*$!
{
	archiveVersion = 1;
	classes = {
	};
	objectVersion = 51;
	objects = {

/* Begin PBXBuildFile section */
		2B97973024D7682000125640 /* SignUpViewController.swift in Sources */ = {isa = PBXBuildFile; fileRef = 2B97972F24D7682000125640 /* SignUpViewController.swift */; };
		2BD64AB224D77FE30011AE31 /* LoginViewController.swift in Sources */ = {isa = PBXBuildFile; fileRef = 2BD64AB124D77FE30011AE31 /* LoginViewController.swift */; };
		2BD64AB424D785380011AE31 /* CustomButton.swift in Sources */ = {isa = PBXBuildFile; fileRef = 2BD64AB324D785380011AE31 /* CustomButton.swift */; };
		2BD64AB724D788260011AE31 /* OptionsViewController.swift in Sources */ = {isa = PBXBuildFile; fileRef = 2BD64AB524D788260011AE31 /* OptionsViewController.swift */; };
		2BD64ABB24D853B60011AE31 /* ExploreViewController.swift in Sources */ = {isa = PBXBuildFile; fileRef = 2BD64ABA24D853B60011AE31 /* ExploreViewController.swift */; };
		2BD64ABF24D8549C0011AE31 /* ExploreDetailsViewController.swift in Sources */ = {isa = PBXBuildFile; fileRef = 2BD64ABD24D8549C0011AE31 /* ExploreDetailsViewController.swift */; };
		2BD64AC024D8549C0011AE31 /* ExploreDetailsViewController.xib in Resources */ = {isa = PBXBuildFile; fileRef = 2BD64ABE24D8549C0011AE31 /* ExploreDetailsViewController.xib */; };
		2BD64AC324D85A8A0011AE31 /* DataClasses.swift in Sources */ = {isa = PBXBuildFile; fileRef = 2BD64AC224D85A8A0011AE31 /* DataClasses.swift */; };
		2BD64AC724D85B5B0011AE31 /* ServiceTableViewCell.swift in Sources */ = {isa = PBXBuildFile; fileRef = 2BD64AC524D85B5B0011AE31 /* ServiceTableViewCell.swift */; };
		2BD64AC824D85B5B0011AE31 /* ServiceTableViewCell.xib in Resources */ = {isa = PBXBuildFile; fileRef = 2BD64AC624D85B5B0011AE31 /* ServiceTableViewCell.xib */; };
		2BD64ACB24D896540011AE31 /* NotificationsViewController.swift in Sources */ = {isa = PBXBuildFile; fileRef = 2BD64AC924D896540011AE31 /* NotificationsViewController.swift */; };
		2BD64ACC24D896540011AE31 /* NotificationsViewController.xib in Resources */ = {isa = PBXBuildFile; fileRef = 2BD64ACA24D896540011AE31 /* NotificationsViewController.xib */; };
		2BD64ACF24D89E260011AE31 /* BasicCell.swift in Sources */ = {isa = PBXBuildFile; fileRef = 2BD64ACD24D89E260011AE31 /* BasicCell.swift */; };
		2BD64AD024D89E260011AE31 /* BasicCell.xib in Resources */ = {isa = PBXBuildFile; fileRef = 2BD64ACE24D89E260011AE31 /* BasicCell.xib */; };
		2BD64AD324D9B9C70011AE31 /* ActivityViewController.swift in Sources */ = {isa = PBXBuildFile; fileRef = 2BD64AD224D9B9C70011AE31 /* ActivityViewController.swift */; };
		2BD64AD624D9C2BE0011AE31 /* AddCardViewController.swift in Sources */ = {isa = PBXBuildFile; fileRef = 2BD64AD424D9C2BE0011AE31 /* AddCardViewController.swift */; };
		2BD64AD724D9C2BE0011AE31 /* AddCardViewController.xib in Resources */ = {isa = PBXBuildFile; fileRef = 2BD64AD524D9C2BE0011AE31 /* AddCardViewController.xib */; };
		2BD941A524D9D34A000D7E6C /* SuccessViewController.swift in Sources */ = {isa = PBXBuildFile; fileRef = 2BD941A324D9D34A000D7E6C /* SuccessViewController.swift */; };
		2BD941A624D9D34A000D7E6C /* SuccessViewController.xib in Resources */ = {isa = PBXBuildFile; fileRef = 2BD941A424D9D34A000D7E6C /* SuccessViewController.xib */; };
		2BD941A924D9DA65000D7E6C /* SpendOnBudgetViewController.swift in Sources */ = {isa = PBXBuildFile; fileRef = 2BD941A724D9DA65000D7E6C /* SpendOnBudgetViewController.swift */; };
		2BD941AA24D9DA65000D7E6C /* SpendOnBudgetViewController.xib in Resources */ = {isa = PBXBuildFile; fileRef = 2BD941A824D9DA65000D7E6C /* SpendOnBudgetViewController.xib */; };
		2BD941AD24D9E111000D7E6C /* SetYourLimitViewController.swift in Sources */ = {isa = PBXBuildFile; fileRef = 2BD941AB24D9E111000D7E6C /* SetYourLimitViewController.swift */; };
		2BD941AE24D9E111000D7E6C /* SetYourLimitViewController.xib in Resources */ = {isa = PBXBuildFile; fileRef = 2BD941AC24D9E111000D7E6C /* SetYourLimitViewController.xib */; };
		2BD941B124D9E5F5000D7E6C /* BasedOnYourLimitsViewController.swift in Sources */ = {isa = PBXBuildFile; fileRef = 2BD941AF24D9E5F5000D7E6C /* BasedOnYourLimitsViewController.swift */; };
		2BD941B224D9E5F5000D7E6C /* BasedOnYourLimitsViewController.xib in Resources */ = {isa = PBXBuildFile; fileRef = 2BD941B024D9E5F5000D7E6C /* BasedOnYourLimitsViewController.xib */; };
		347F2C2FC0DB7249512CEE77 /* Pods_MonitorTrial.framework in Frameworks */ = {isa = PBXBuildFile; fileRef = 46775A13E8008D0520038A54 /* Pods_MonitorTrial.framework */; };
		79D6B91EA6BA3F38B48138B4 /* Pods_MonitorTrialTests.framework in Frameworks */ = {isa = PBXBuildFile; fileRef = 01C8D497B6C98A39E30F91B9 /* Pods_MonitorTrialTests.framework */; };
		A36E021DBE94ECF110454E29 /* Pods_MonitorTrial_MonitorTrialUITests.framework in Frameworks */ = {isa = PBXBuildFile; fileRef = 024AC23E91CE24365C79FD2C /* Pods_MonitorTrial_MonitorTrialUITests.framework */; };
		CE5CE3AE24A7827C00E02AAD /* AppDelegate.swift in Sources */ = {isa = PBXBuildFile; fileRef = CE5CE3AD24A7827C00E02AAD /* AppDelegate.swift */; };
		CE5CE3B024A7827C00E02AAD /* LoginOrSignUpViewController.swift in Sources */ = {isa = PBXBuildFile; fileRef = CE5CE3AF24A7827C00E02AAD /* LoginOrSignUpViewController.swift */; };
		CE5CE3B324A7827C00E02AAD /* Main.storyboard in Resources */ = {isa = PBXBuildFile; fileRef = CE5CE3B124A7827C00E02AAD /* Main.storyboard */; };
		CE5CE3B524A7827D00E02AAD /* Assets.xcassets in Resources */ = {isa = PBXBuildFile; fileRef = CE5CE3B424A7827D00E02AAD /* Assets.xcassets */; };
		CE5CE3B824A7827D00E02AAD /* LaunchScreen.storyboard in Resources */ = {isa = PBXBuildFile; fileRef = CE5CE3B624A7827D00E02AAD /* LaunchScreen.storyboard */; };
		CE5CE3C324A7827D00E02AAD /* MonitorTrialTests.swift in Sources */ = {isa = PBXBuildFile; fileRef = CE5CE3C224A7827D00E02AAD /* MonitorTrialTests.swift */; };
		CE5CE3CE24A7827D00E02AAD /* MonitorTrialUITests.swift in Sources */ = {isa = PBXBuildFile; fileRef = CE5CE3CD24A7827D00E02AAD /* MonitorTrialUITests.swift */; };
/* End PBXBuildFile section */

/* Begin PBXContainerItemProxy section */
		CE5CE3BF24A7827D00E02AAD /* PBXContainerItemProxy */ = {
			isa = PBXContainerItemProxy;
			containerPortal = CE5CE3A224A7827C00E02AAD /* Project object */;
			proxyType = 1;
			remoteGlobalIDString = CE5CE3A924A7827C00E02AAD;
			remoteInfo = MonitorTrial;
		};
		CE5CE3CA24A7827D00E02AAD /* PBXContainerItemProxy */ = {
			isa = PBXContainerItemProxy;
			containerPortal = CE5CE3A224A7827C00E02AAD /* Project object */;
			proxyType = 1;
			remoteGlobalIDString = CE5CE3A924A7827C00E02AAD;
			remoteInfo = MonitorTrial;
		};
/* End PBXContainerItemProxy section */

/* Begin PBXFileReference section */
		01C8D497B6C98A39E30F91B9 /* Pods_MonitorTrialTests.framework */ = {isa = PBXFileReference; explicitFileType = wrapper.framework; includeInIndex = 0; path = Pods_MonitorTrialTests.framework; sourceTree = BUILT_PRODUCTS_DIR; };
		024AC23E91CE24365C79FD2C /* Pods_MonitorTrial_MonitorTrialUITests.framework */ = {isa = PBXFileReference; explicitFileType = wrapper.framework; includeInIndex = 0; path = Pods_MonitorTrial_MonitorTrialUITests.framework; sourceTree = BUILT_PRODUCTS_DIR; };
		127AA61E5D04A1005EB7BA56 /* Pods-MonitorTrial.release.xcconfig */ = {isa = PBXFileReference; includeInIndex = 1; lastKnownFileType = text.xcconfig; name = "Pods-MonitorTrial.release.xcconfig"; path = "Target Support Files/Pods-MonitorTrial/Pods-MonitorTrial.release.xcconfig"; sourceTree = "<group>"; };
		2B97972F24D7682000125640 /* SignUpViewController.swift */ = {isa = PBXFileReference; lastKnownFileType = sourcecode.swift; path = SignUpViewController.swift; sourceTree = "<group>"; };
		2BD64AB124D77FE30011AE31 /* LoginViewController.swift */ = {isa = PBXFileReference; lastKnownFileType = sourcecode.swift; path = LoginViewController.swift; sourceTree = "<group>"; };
		2BD64AB324D785380011AE31 /* CustomButton.swift */ = {isa = PBXFileReference; lastKnownFileType = sourcecode.swift; path = CustomButton.swift; sourceTree = "<group>"; };
		2BD64AB524D788260011AE31 /* OptionsViewController.swift */ = {isa = PBXFileReference; lastKnownFileType = sourcecode.swift; path = OptionsViewController.swift; sourceTree = "<group>"; };
		2BD64ABA24D853B60011AE31 /* ExploreViewController.swift */ = {isa = PBXFileReference; lastKnownFileType = sourcecode.swift; path = ExploreViewController.swift; sourceTree = "<group>"; };
		2BD64ABD24D8549C0011AE31 /* ExploreDetailsViewController.swift */ = {isa = PBXFileReference; lastKnownFileType = sourcecode.swift; path = ExploreDetailsViewController.swift; sourceTree = "<group>"; };
		2BD64ABE24D8549C0011AE31 /* ExploreDetailsViewController.xib */ = {isa = PBXFileReference; lastKnownFileType = file.xib; path = ExploreDetailsViewController.xib; sourceTree = "<group>"; };
		2BD64AC224D85A8A0011AE31 /* DataClasses.swift */ = {isa = PBXFileReference; lastKnownFileType = sourcecode.swift; path = DataClasses.swift; sourceTree = "<group>"; };
		2BD64AC524D85B5B0011AE31 /* ServiceTableViewCell.swift */ = {isa = PBXFileReference; lastKnownFileType = sourcecode.swift; path = ServiceTableViewCell.swift; sourceTree = "<group>"; };
		2BD64AC624D85B5B0011AE31 /* ServiceTableViewCell.xib */ = {isa = PBXFileReference; lastKnownFileType = file.xib; path = ServiceTableViewCell.xib; sourceTree = "<group>"; };
		2BD64AC924D896540011AE31 /* NotificationsViewController.swift */ = {isa = PBXFileReference; lastKnownFileType = sourcecode.swift; path = NotificationsViewController.swift; sourceTree = "<group>"; };
		2BD64ACA24D896540011AE31 /* NotificationsViewController.xib */ = {isa = PBXFileReference; lastKnownFileType = file.xib; path = NotificationsViewController.xib; sourceTree = "<group>"; };
		2BD64ACD24D89E260011AE31 /* BasicCell.swift */ = {isa = PBXFileReference; lastKnownFileType = sourcecode.swift; path = BasicCell.swift; sourceTree = "<group>"; };
		2BD64ACE24D89E260011AE31 /* BasicCell.xib */ = {isa = PBXFileReference; lastKnownFileType = file.xib; path = BasicCell.xib; sourceTree = "<group>"; };
		2BD64AD224D9B9C70011AE31 /* ActivityViewController.swift */ = {isa = PBXFileReference; lastKnownFileType = sourcecode.swift; path = ActivityViewController.swift; sourceTree = "<group>"; };
		2BD64AD424D9C2BE0011AE31 /* AddCardViewController.swift */ = {isa = PBXFileReference; lastKnownFileType = sourcecode.swift; path = AddCardViewController.swift; sourceTree = "<group>"; };
		2BD64AD524D9C2BE0011AE31 /* AddCardViewController.xib */ = {isa = PBXFileReference; lastKnownFileType = file.xib; path = AddCardViewController.xib; sourceTree = "<group>"; };
		2BD941A324D9D34A000D7E6C /* SuccessViewController.swift */ = {isa = PBXFileReference; lastKnownFileType = sourcecode.swift; path = SuccessViewController.swift; sourceTree = "<group>"; };
		2BD941A424D9D34A000D7E6C /* SuccessViewController.xib */ = {isa = PBXFileReference; lastKnownFileType = file.xib; path = SuccessViewController.xib; sourceTree = "<group>"; };
		2BD941A724D9DA65000D7E6C /* SpendOnBudgetViewController.swift */ = {isa = PBXFileReference; lastKnownFileType = sourcecode.swift; path = SpendOnBudgetViewController.swift; sourceTree = "<group>"; };
		2BD941A824D9DA65000D7E6C /* SpendOnBudgetViewController.xib */ = {isa = PBXFileReference; lastKnownFileType = file.xib; path = SpendOnBudgetViewController.xib; sourceTree = "<group>"; };
		2BD941AB24D9E111000D7E6C /* SetYourLimitViewController.swift */ = {isa = PBXFileReference; lastKnownFileType = sourcecode.swift; path = SetYourLimitViewController.swift; sourceTree = "<group>"; };
		2BD941AC24D9E111000D7E6C /* SetYourLimitViewController.xib */ = {isa = PBXFileReference; lastKnownFileType = file.xib; path = SetYourLimitViewController.xib; sourceTree = "<group>"; };
		2BD941AF24D9E5F5000D7E6C /* BasedOnYourLimitsViewController.swift */ = {isa = PBXFileReference; lastKnownFileType = sourcecode.swift; path = BasedOnYourLimitsViewController.swift; sourceTree = "<group>"; };
		2BD941B024D9E5F5000D7E6C /* BasedOnYourLimitsViewController.xib */ = {isa = PBXFileReference; lastKnownFileType = file.xib; path = BasedOnYourLimitsViewController.xib; sourceTree = "<group>"; };
		3757F08FC74CE88A4A3E5A61 /* Pods-MonitorTrial-MonitorTrialUITests.debug.xcconfig */ = {isa = PBXFileReference; includeInIndex = 1; lastKnownFileType = text.xcconfig; name = "Pods-MonitorTrial-MonitorTrialUITests.debug.xcconfig"; path = "Target Support Files/Pods-MonitorTrial-MonitorTrialUITests/Pods-MonitorTrial-MonitorTrialUITests.debug.xcconfig"; sourceTree = "<group>"; };
		4202E5135608AD3E88AAB442 /* Pods-MonitorTrial-MonitorTrialUITests.release.xcconfig */ = {isa = PBXFileReference; includeInIndex = 1; lastKnownFileType = text.xcconfig; name = "Pods-MonitorTrial-MonitorTrialUITests.release.xcconfig"; path = "Target Support Files/Pods-MonitorTrial-MonitorTrialUITests/Pods-MonitorTrial-MonitorTrialUITests.release.xcconfig"; sourceTree = "<group>"; };
		46775A13E8008D0520038A54 /* Pods_MonitorTrial.framework */ = {isa = PBXFileReference; explicitFileType = wrapper.framework; includeInIndex = 0; path = Pods_MonitorTrial.framework; sourceTree = BUILT_PRODUCTS_DIR; };
		64CA695C2CBBB78009391B71 /* Pods-MonitorTrial.debug.xcconfig */ = {isa = PBXFileReference; includeInIndex = 1; lastKnownFileType = text.xcconfig; name = "Pods-MonitorTrial.debug.xcconfig"; path = "Target Support Files/Pods-MonitorTrial/Pods-MonitorTrial.debug.xcconfig"; sourceTree = "<group>"; };
		9283B0EA25EA6F1776D0C56E /* Pods-MonitorTrialTests.debug.xcconfig */ = {isa = PBXFileReference; includeInIndex = 1; lastKnownFileType = text.xcconfig; name = "Pods-MonitorTrialTests.debug.xcconfig"; path = "Target Support Files/Pods-MonitorTrialTests/Pods-MonitorTrialTests.debug.xcconfig"; sourceTree = "<group>"; };
		9CEC69DE52FB80F6055F04DF /* Pods-MonitorTrialTests.release.xcconfig */ = {isa = PBXFileReference; includeInIndex = 1; lastKnownFileType = text.xcconfig; name = "Pods-MonitorTrialTests.release.xcconfig"; path = "Target Support Files/Pods-MonitorTrialTests/Pods-MonitorTrialTests.release.xcconfig"; sourceTree = "<group>"; };
		CE5CE3AA24A7827C00E02AAD /* MonitorTrial.app */ = {isa = PBXFileReference; explicitFileType = wrapper.application; includeInIndex = 0; path = MonitorTrial.app; sourceTree = BUILT_PRODUCTS_DIR; };
		CE5CE3AD24A7827C00E02AAD /* AppDelegate.swift */ = {isa = PBXFileReference; lastKnownFileType = sourcecode.swift; path = AppDelegate.swift; sourceTree = "<group>"; };
		CE5CE3AF24A7827C00E02AAD /* LoginOrSignUpViewController.swift */ = {isa = PBXFileReference; lastKnownFileType = sourcecode.swift; path = LoginOrSignUpViewController.swift; sourceTree = "<group>"; };
		CE5CE3B224A7827C00E02AAD /* Base */ = {isa = PBXFileReference; lastKnownFileType = file.storyboard; name = Base; path = Base.lproj/Main.storyboard; sourceTree = "<group>"; };
		CE5CE3B424A7827D00E02AAD /* Assets.xcassets */ = {isa = PBXFileReference; lastKnownFileType = folder.assetcatalog; path = Assets.xcassets; sourceTree = "<group>"; };
		CE5CE3B724A7827D00E02AAD /* Base */ = {isa = PBXFileReference; lastKnownFileType = file.storyboard; name = Base; path = Base.lproj/LaunchScreen.storyboard; sourceTree = "<group>"; };
		CE5CE3B924A7827D00E02AAD /* Info.plist */ = {isa = PBXFileReference; lastKnownFileType = text.plist.xml; path = Info.plist; sourceTree = "<group>"; };
		CE5CE3BE24A7827D00E02AAD /* MonitorTrialTests.xctest */ = {isa = PBXFileReference; explicitFileType = wrapper.cfbundle; includeInIndex = 0; path = MonitorTrialTests.xctest; sourceTree = BUILT_PRODUCTS_DIR; };
		CE5CE3C224A7827D00E02AAD /* MonitorTrialTests.swift */ = {isa = PBXFileReference; lastKnownFileType = sourcecode.swift; path = MonitorTrialTests.swift; sourceTree = "<group>"; };
		CE5CE3C424A7827D00E02AAD /* Info.plist */ = {isa = PBXFileReference; lastKnownFileType = text.plist.xml; path = Info.plist; sourceTree = "<group>"; };
		CE5CE3C924A7827D00E02AAD /* MonitorTrialUITests.xctest */ = {isa = PBXFileReference; explicitFileType = wrapper.cfbundle; includeInIndex = 0; path = MonitorTrialUITests.xctest; sourceTree = BUILT_PRODUCTS_DIR; };
		CE5CE3CD24A7827D00E02AAD /* MonitorTrialUITests.swift */ = {isa = PBXFileReference; lastKnownFileType = sourcecode.swift; path = MonitorTrialUITests.swift; sourceTree = "<group>"; };
		CE5CE3CF24A7827E00E02AAD /* Info.plist */ = {isa = PBXFileReference; lastKnownFileType = text.plist.xml; path = Info.plist; sourceTree = "<group>"; };
/* End PBXFileReference section */

/* Begin PBXFrameworksBuildPhase section */
		CE5CE3A724A7827C00E02AAD /* Frameworks */ = {
			isa = PBXFrameworksBuildPhase;
			buildActionMask = 2147483647;
			files = (
				347F2C2FC0DB7249512CEE77 /* Pods_MonitorTrial.framework in Frameworks */,
			);
			runOnlyForDeploymentPostprocessing = 0;
		};
		CE5CE3BB24A7827D00E02AAD /* Frameworks */ = {
			isa = PBXFrameworksBuildPhase;
			buildActionMask = 2147483647;
			files = (
				79D6B91EA6BA3F38B48138B4 /* Pods_MonitorTrialTests.framework in Frameworks */,
			);
			runOnlyForDeploymentPostprocessing = 0;
		};
		CE5CE3C624A7827D00E02AAD /* Frameworks */ = {
			isa = PBXFrameworksBuildPhase;
			buildActionMask = 2147483647;
			files = (
				A36E021DBE94ECF110454E29 /* Pods_MonitorTrial_MonitorTrialUITests.framework in Frameworks */,
			);
			runOnlyForDeploymentPostprocessing = 0;
		};
/* End PBXFrameworksBuildPhase section */

/* Begin PBXGroup section */
		2BD64AB924D853990011AE31 /* Tab Controller Views */ = {
			isa = PBXGroup;
			children = (
				2BD941A224D9D335000D7E6C /* SuccessPage */,
				2BD64AD124D9B9860011AE31 /* Activity */,
				2BD64ABC24D854850011AE31 /* Explore */,
			);
			path = "Tab Controller Views";
			sourceTree = "<group>";
		};
		2BD64ABC24D854850011AE31 /* Explore */ = {
			isa = PBXGroup;
			children = (
				2BD64ABA24D853B60011AE31 /* ExploreViewController.swift */,
				2BD64ABD24D8549C0011AE31 /* ExploreDetailsViewController.swift */,
				2BD64ABE24D8549C0011AE31 /* ExploreDetailsViewController.xib */,
				2BD64AC924D896540011AE31 /* NotificationsViewController.swift */,
				2BD64ACA24D896540011AE31 /* NotificationsViewController.xib */,
			);
			path = Explore;
			sourceTree = "<group>";
		};
		2BD64AC124D85A670011AE31 /* Hellpers */ = {
			isa = PBXGroup;
			children = (
				2BD64AC224D85A8A0011AE31 /* DataClasses.swift */,
			);
			path = Hellpers;
			sourceTree = "<group>";
		};
		2BD64AC424D85B0D0011AE31 /* CustomSubviews */ = {
			isa = PBXGroup;
			children = (
				2BD64AC524D85B5B0011AE31 /* ServiceTableViewCell.swift */,
				2BD64AC624D85B5B0011AE31 /* ServiceTableViewCell.xib */,
				2BD64ACD24D89E260011AE31 /* BasicCell.swift */,
				2BD64ACE24D89E260011AE31 /* BasicCell.xib */,
			);
			path = CustomSubviews;
			sourceTree = "<group>";
		};
		2BD64AD124D9B9860011AE31 /* Activity */ = {
			isa = PBXGroup;
			children = (
				2BD64AD224D9B9C70011AE31 /* ActivityViewController.swift */,
				2BD64AD424D9C2BE0011AE31 /* AddCardViewController.swift */,
				2BD64AD524D9C2BE0011AE31 /* AddCardViewController.xib */,
				2BD941A724D9DA65000D7E6C /* SpendOnBudgetViewController.swift */,
				2BD941A824D9DA65000D7E6C /* SpendOnBudgetViewController.xib */,
				2BD941AB24D9E111000D7E6C /* SetYourLimitViewController.swift */,
				2BD941AC24D9E111000D7E6C /* SetYourLimitViewController.xib */,
				2BD941AF24D9E5F5000D7E6C /* BasedOnYourLimitsViewController.swift */,
				2BD941B024D9E5F5000D7E6C /* BasedOnYourLimitsViewController.xib */,
			);
			path = Activity;
			sourceTree = "<group>";
		};
		2BD941A224D9D335000D7E6C /* SuccessPage */ = {
			isa = PBXGroup;
			children = (
				2BD941A324D9D34A000D7E6C /* SuccessViewController.swift */,
				2BD941A424D9D34A000D7E6C /* SuccessViewController.xib */,
			);
			path = SuccessPage;
			sourceTree = "<group>";
		};
		9455A80E11A58B2631E2F49E /* Frameworks */ = {
			isa = PBXGroup;
			children = (
				46775A13E8008D0520038A54 /* Pods_MonitorTrial.framework */,
				024AC23E91CE24365C79FD2C /* Pods_MonitorTrial_MonitorTrialUITests.framework */,
				01C8D497B6C98A39E30F91B9 /* Pods_MonitorTrialTests.framework */,
			);
			name = Frameworks;
			sourceTree = "<group>";
		};
		9A7FB8F4B5D7F53AE6850225 /* Pods */ = {
			isa = PBXGroup;
			children = (
				64CA695C2CBBB78009391B71 /* Pods-MonitorTrial.debug.xcconfig */,
				127AA61E5D04A1005EB7BA56 /* Pods-MonitorTrial.release.xcconfig */,
				3757F08FC74CE88A4A3E5A61 /* Pods-MonitorTrial-MonitorTrialUITests.debug.xcconfig */,
				4202E5135608AD3E88AAB442 /* Pods-MonitorTrial-MonitorTrialUITests.release.xcconfig */,
				9283B0EA25EA6F1776D0C56E /* Pods-MonitorTrialTests.debug.xcconfig */,
				9CEC69DE52FB80F6055F04DF /* Pods-MonitorTrialTests.release.xcconfig */,
			);
			path = Pods;
			sourceTree = "<group>";
		};
		CE5CE3A124A7827C00E02AAD = {
			isa = PBXGroup;
			children = (
				CE5CE3AC24A7827C00E02AAD /* MonitorTrial */,
				CE5CE3C124A7827D00E02AAD /* MonitorTrialTests */,
				CE5CE3CC24A7827D00E02AAD /* MonitorTrialUITests */,
				CE5CE3AB24A7827C00E02AAD /* Products */,
				9A7FB8F4B5D7F53AE6850225 /* Pods */,
				9455A80E11A58B2631E2F49E /* Frameworks */,
			);
			sourceTree = "<group>";
			usesTabs = 1;
		};
		CE5CE3AB24A7827C00E02AAD /* Products */ = {
			isa = PBXGroup;
			children = (
				CE5CE3AA24A7827C00E02AAD /* MonitorTrial.app */,
				CE5CE3BE24A7827D00E02AAD /* MonitorTrialTests.xctest */,
				CE5CE3C924A7827D00E02AAD /* MonitorTrialUITests.xctest */,
			);
			name = Products;
			sourceTree = "<group>";
		};
		CE5CE3AC24A7827C00E02AAD /* MonitorTrial */ = {
			isa = PBXGroup;
			children = (
				2BD64AC424D85B0D0011AE31 /* CustomSubviews */,
				2BD64AC124D85A670011AE31 /* Hellpers */,
				2BD64AB924D853990011AE31 /* Tab Controller Views */,
				CE5CE3AD24A7827C00E02AAD /* AppDelegate.swift */,
				CE5CE3AF24A7827C00E02AAD /* LoginOrSignUpViewController.swift */,
				CE5CE3B124A7827C00E02AAD /* Main.storyboard */,
				CE5CE3B424A7827D00E02AAD /* Assets.xcassets */,
				CE5CE3B624A7827D00E02AAD /* LaunchScreen.storyboard */,
				CE5CE3B924A7827D00E02AAD /* Info.plist */,
				2B97972F24D7682000125640 /* SignUpViewController.swift */,
				2BD64AB124D77FE30011AE31 /* LoginViewController.swift */,
				2BD64AB324D785380011AE31 /* CustomButton.swift */,
				2BD64AB524D788260011AE31 /* OptionsViewController.swift */,
			);
			path = MonitorTrial;
			sourceTree = "<group>";
		};
		CE5CE3C124A7827D00E02AAD /* MonitorTrialTests */ = {
			isa = PBXGroup;
			children = (
				CE5CE3C224A7827D00E02AAD /* MonitorTrialTests.swift */,
				CE5CE3C424A7827D00E02AAD /* Info.plist */,
			);
			path = MonitorTrialTests;
			sourceTree = "<group>";
		};
		CE5CE3CC24A7827D00E02AAD /* MonitorTrialUITests */ = {
			isa = PBXGroup;
			children = (
				CE5CE3CD24A7827D00E02AAD /* MonitorTrialUITests.swift */,
				CE5CE3CF24A7827E00E02AAD /* Info.plist */,
			);
			path = MonitorTrialUITests;
			sourceTree = "<group>";
		};
/* End PBXGroup section */

/* Begin PBXNativeTarget section */
		CE5CE3A924A7827C00E02AAD /* MonitorTrial */ = {
			isa = PBXNativeTarget;
			buildConfigurationList = CE5CE3D224A7827E00E02AAD /* Build configuration list for PBXNativeTarget "MonitorTrial" */;
			buildPhases = (
				917CAA025AD9BA80D194F2BF /* [CP] Check Pods Manifest.lock */,
				CE5CE3A624A7827C00E02AAD /* Sources */,
				CE5CE3A724A7827C00E02AAD /* Frameworks */,
				CE5CE3A824A7827C00E02AAD /* Resources */,
				9BA1C3EE8B9D502FD64807AF /* [CP] Embed Pods Frameworks */,
			);
			buildRules = (
			);
			dependencies = (
			);
			name = MonitorTrial;
			productName = MonitorTrial;
			productReference = CE5CE3AA24A7827C00E02AAD /* MonitorTrial.app */;
			productType = "com.apple.product-type.application";
		};
		CE5CE3BD24A7827D00E02AAD /* MonitorTrialTests */ = {
			isa = PBXNativeTarget;
			buildConfigurationList = CE5CE3D524A7827E00E02AAD /* Build configuration list for PBXNativeTarget "MonitorTrialTests" */;
			buildPhases = (
				1CF7E5014AE1285363E9D84D /* [CP] Check Pods Manifest.lock */,
				CE5CE3BA24A7827D00E02AAD /* Sources */,
				CE5CE3BB24A7827D00E02AAD /* Frameworks */,
				CE5CE3BC24A7827D00E02AAD /* Resources */,
			);
			buildRules = (
			);
			dependencies = (
				CE5CE3C024A7827D00E02AAD /* PBXTargetDependency */,
			);
			name = MonitorTrialTests;
			productName = MonitorTrialTests;
			productReference = CE5CE3BE24A7827D00E02AAD /* MonitorTrialTests.xctest */;
			productType = "com.apple.product-type.bundle.unit-test";
		};
		CE5CE3C824A7827D00E02AAD /* MonitorTrialUITests */ = {
			isa = PBXNativeTarget;
			buildConfigurationList = CE5CE3D824A7827E00E02AAD /* Build configuration list for PBXNativeTarget "MonitorTrialUITests" */;
			buildPhases = (
				15583696EB76C7D72B5B7570 /* [CP] Check Pods Manifest.lock */,
				CE5CE3C524A7827D00E02AAD /* Sources */,
				CE5CE3C624A7827D00E02AAD /* Frameworks */,
				CE5CE3C724A7827D00E02AAD /* Resources */,
				EB2888362782BE01B443A2F7 /* [CP] Embed Pods Frameworks */,
			);
			buildRules = (
			);
			dependencies = (
				CE5CE3CB24A7827D00E02AAD /* PBXTargetDependency */,
			);
			name = MonitorTrialUITests;
			productName = MonitorTrialUITests;
			productReference = CE5CE3C924A7827D00E02AAD /* MonitorTrialUITests.xctest */;
			productType = "com.apple.product-type.bundle.ui-testing";
		};
/* End PBXNativeTarget section */

/* Begin PBXProject section */
		CE5CE3A224A7827C00E02AAD /* Project object */ = {
			isa = PBXProject;
			attributes = {
				LastSwiftUpdateCheck = 1010;
				LastUpgradeCheck = 1010;
				ORGANIZATIONNAME = MAC;
				TargetAttributes = {
					CE5CE3A924A7827C00E02AAD = {
						CreatedOnToolsVersion = 10.1;
					};
					CE5CE3BD24A7827D00E02AAD = {
						CreatedOnToolsVersion = 10.1;
						TestTargetID = CE5CE3A924A7827C00E02AAD;
					};
					CE5CE3C824A7827D00E02AAD = {
						CreatedOnToolsVersion = 10.1;
						TestTargetID = CE5CE3A924A7827C00E02AAD;
					};
				};
			};
			buildConfigurationList = CE5CE3A524A7827C00E02AAD /* Build configuration list for PBXProject "MonitorTrial" */;
			compatibilityVersion = "Xcode 9.3";
			developmentRegion = en;
			hasScannedForEncodings = 0;
			knownRegions = (
				en,
				Base,
			);
			mainGroup = CE5CE3A124A7827C00E02AAD;
			productRefGroup = CE5CE3AB24A7827C00E02AAD /* Products */;
			projectDirPath = "";
			projectRoot = "";
			targets = (
				CE5CE3A924A7827C00E02AAD /* MonitorTrial */,
				CE5CE3BD24A7827D00E02AAD /* MonitorTrialTests */,
				CE5CE3C824A7827D00E02AAD /* MonitorTrialUITests */,
			);
		};
/* End PBXProject section */

/* Begin PBXResourcesBuildPhase section */
		CE5CE3A824A7827C00E02AAD /* Resources */ = {
			isa = PBXResourcesBuildPhase;
			buildActionMask = 2147483647;
			files = (
				2BD941B224D9E5F5000D7E6C /* BasedOnYourLimitsViewController.xib in Resources */,
				2BD941AE24D9E111000D7E6C /* SetYourLimitViewController.xib in Resources */,
				CE5CE3B824A7827D00E02AAD /* LaunchScreen.storyboard in Resources */,
				CE5CE3B524A7827D00E02AAD /* Assets.xcassets in Resources */,
				2BD64AC024D8549C0011AE31 /* ExploreDetailsViewController.xib in Resources */,
				2BD64ACC24D896540011AE31 /* NotificationsViewController.xib in Resources */,
				2BD64AD724D9C2BE0011AE31 /* AddCardViewController.xib in Resources */,
				2BD64AD024D89E260011AE31 /* BasicCell.xib in Resources */,
				CE5CE3B324A7827C00E02AAD /* Main.storyboard in Resources */,
				2BD941AA24D9DA65000D7E6C /* SpendOnBudgetViewController.xib in Resources */,
				2BD64AC824D85B5B0011AE31 /* ServiceTableViewCell.xib in Resources */,
				2BD941A624D9D34A000D7E6C /* SuccessViewController.xib in Resources */,
			);
			runOnlyForDeploymentPostprocessing = 0;
		};
		CE5CE3BC24A7827D00E02AAD /* Resources */ = {
			isa = PBXResourcesBuildPhase;
			buildActionMask = 2147483647;
			files = (
			);
			runOnlyForDeploymentPostprocessing = 0;
		};
		CE5CE3C724A7827D00E02AAD /* Resources */ = {
			isa = PBXResourcesBuildPhase;
			buildActionMask = 2147483647;
			files = (
			);
			runOnlyForDeploymentPostprocessing = 0;
		};
/* End PBXResourcesBuildPhase section */

/* Begin PBXShellScriptBuildPhase section */
		15583696EB76C7D72B5B7570 /* [CP] Check Pods Manifest.lock */ = {
			isa = PBXShellScriptBuildPhase;
			buildActionMask = 2147483647;
			files = (
			);
			inputFileListPaths = (
			);
			inputPaths = (
				"${PODS_PODFILE_DIR_PATH}/Podfile.lock",
				"${PODS_ROOT}/Manifest.lock",
			);
			name = "[CP] Check Pods Manifest.lock";
			outputFileListPaths = (
			);
			outputPaths = (
				"$(DERIVED_FILE_DIR)/Pods-MonitorTrial-MonitorTrialUITests-checkManifestLockResult.txt",
			);
			runOnlyForDeploymentPostprocessing = 0;
			shellPath = /bin/sh;
			shellScript = "diff \"${PODS_PODFILE_DIR_PATH}/Podfile.lock\" \"${PODS_ROOT}/Manifest.lock\" > /dev/null\nif [ $? != 0 ] ; then\n    # print error to STDERR\n    echo \"error: The sandbox is not in sync with the Podfile.lock. Run 'pod install' or update your CocoaPods installation.\" >&2\n    exit 1\nfi\n# This output is used by Xcode 'outputs' to avoid re-running this script phase.\necho \"SUCCESS\" > \"${SCRIPT_OUTPUT_FILE_0}\"\n";
			showEnvVarsInLog = 0;
		};
		1CF7E5014AE1285363E9D84D /* [CP] Check Pods Manifest.lock */ = {
			isa = PBXShellScriptBuildPhase;
			buildActionMask = 2147483647;
			files = (
			);
			inputFileListPaths = (
			);
			inputPaths = (
				"${PODS_PODFILE_DIR_PATH}/Podfile.lock",
				"${PODS_ROOT}/Manifest.lock",
			);
			name = "[CP] Check Pods Manifest.lock";
			outputFileListPaths = (
			);
			outputPaths = (
				"$(DERIVED_FILE_DIR)/Pods-MonitorTrialTests-checkManifestLockResult.txt",
			);
			runOnlyForDeploymentPostprocessing = 0;
			shellPath = /bin/sh;
			shellScript = "diff \"${PODS_PODFILE_DIR_PATH}/Podfile.lock\" \"${PODS_ROOT}/Manifest.lock\" > /dev/null\nif [ $? != 0 ] ; then\n    # print error to STDERR\n    echo \"error: The sandbox is not in sync with the Podfile.lock. Run 'pod install' or update your CocoaPods installation.\" >&2\n    exit 1\nfi\n# This output is used by Xcode 'outputs' to avoid re-running this script phase.\necho \"SUCCESS\" > \"${SCRIPT_OUTPUT_FILE_0}\"\n";
			showEnvVarsInLog = 0;
		};
		917CAA025AD9BA80D194F2BF /* [CP] Check Pods Manifest.lock */ = {
			isa = PBXShellScriptBuildPhase;
			buildActionMask = 2147483647;
			files = (
			);
			inputFileListPaths = (
			);
			inputPaths = (
				"${PODS_PODFILE_DIR_PATH}/Podfile.lock",
				"${PODS_ROOT}/Manifest.lock",
			);
			name = "[CP] Check Pods Manifest.lock";
			outputFileListPaths = (
			);
			outputPaths = (
				"$(DERIVED_FILE_DIR)/Pods-MonitorTrial-checkManifestLockResult.txt",
			);
			runOnlyForDeploymentPostprocessing = 0;
			shellPath = /bin/sh;
			shellScript = "diff \"${PODS_PODFILE_DIR_PATH}/Podfile.lock\" \"${PODS_ROOT}/Manifest.lock\" > /dev/null\nif [ $? != 0 ] ; then\n    # print error to STDERR\n    echo \"error: The sandbox is not in sync with the Podfile.lock. Run 'pod install' or update your CocoaPods installation.\" >&2\n    exit 1\nfi\n# This output is used by Xcode 'outputs' to avoid re-running this script phase.\necho \"SUCCESS\" > \"${SCRIPT_OUTPUT_FILE_0}\"\n";
			showEnvVarsInLog = 0;
		};
		9BA1C3EE8B9D502FD64807AF /* [CP] Embed Pods Frameworks */ = {
			isa = PBXShellScriptBuildPhase;
			buildActionMask = 2147483647;
			files = (
			);
			inputFileListPaths = (
				"${PODS_ROOT}/Target Support Files/Pods-MonitorTrial/Pods-MonitorTrial-frameworks-${CONFIGURATION}-input-files.xcfilelist",
			);
			name = "[CP] Embed Pods Frameworks";
			outputFileListPaths = (
				"${PODS_ROOT}/Target Support Files/Pods-MonitorTrial/Pods-MonitorTrial-frameworks-${CONFIGURATION}-output-files.xcfilelist",
			);
			runOnlyForDeploymentPostprocessing = 0;
			shellPath = /bin/sh;
			shellScript = "\"${PODS_ROOT}/Target Support Files/Pods-MonitorTrial/Pods-MonitorTrial-frameworks.sh\"\n";
			showEnvVarsInLog = 0;
		};
		EB2888362782BE01B443A2F7 /* [CP] Embed Pods Frameworks */ = {
			isa = PBXShellScriptBuildPhase;
			buildActionMask = 2147483647;
			files = (
			);
			inputFileListPaths = (
				"${PODS_ROOT}/Target Support Files/Pods-MonitorTrial-MonitorTrialUITests/Pods-MonitorTrial-MonitorTrialUITests-frameworks-${CONFIGURATION}-input-files.xcfilelist",
			);
			name = "[CP] Embed Pods Frameworks";
			outputFileListPaths = (
				"${PODS_ROOT}/Target Support Files/Pods-MonitorTrial-MonitorTrialUITests/Pods-MonitorTrial-MonitorTrialUITests-frameworks-${CONFIGURATION}-output-files.xcfilelist",
			);
			runOnlyForDeploymentPostprocessing = 0;
			shellPath = /bin/sh;
			shellScript = "\"${PODS_ROOT}/Target Support Files/Pods-MonitorTrial-MonitorTrialUITests/Pods-MonitorTrial-MonitorTrialUITests-frameworks.sh\"\n";
			showEnvVarsInLog = 0;
		};
/* End PBXShellScriptBuildPhase section */

/* Begin PBXSourcesBuildPhase section */
		CE5CE3A624A7827C00E02AAD /* Sources */ = {
			isa = PBXSourcesBuildPhase;
			buildActionMask = 2147483647;
			files = (
				2BD64AD624D9C2BE0011AE31 /* AddCardViewController.swift in Sources */,
				2BD64AB224D77FE30011AE31 /* LoginViewController.swift in Sources */,
				2BD941B124D9E5F5000D7E6C /* BasedOnYourLimitsViewController.swift in Sources */,
				2BD64AC324D85A8A0011AE31 /* DataClasses.swift in Sources */,
				2B97973024D7682000125640 /* SignUpViewController.swift in Sources */,
				CE5CE3B024A7827C00E02AAD /* LoginOrSignUpViewController.swift in Sources */,
				2BD64ACF24D89E260011AE31 /* BasicCell.swift in Sources */,
				2BD64AB724D788260011AE31 /* OptionsViewController.swift in Sources */,
				2BD941AD24D9E111000D7E6C /* SetYourLimitViewController.swift in Sources */,
				2BD941A924D9DA65000D7E6C /* SpendOnBudgetViewController.swift in Sources */,
				CE5CE3AE24A7827C00E02AAD /* AppDelegate.swift in Sources */,
				2BD64ABF24D8549C0011AE31 /* ExploreDetailsViewController.swift in Sources */,
				2BD64AD324D9B9C70011AE31 /* ActivityViewController.swift in Sources */,
				2BD64AC724D85B5B0011AE31 /* ServiceTableViewCell.swift in Sources */,
				2BD64ACB24D896540011AE31 /* NotificationsViewController.swift in Sources */,
				2BD64ABB24D853B60011AE31 /* ExploreViewController.swift in Sources */,
				2BD941A524D9D34A000D7E6C /* SuccessViewController.swift in Sources */,
				2BD64AB424D785380011AE31 /* CustomButton.swift in Sources */,
			);
			runOnlyForDeploymentPostprocessing = 0;
		};
		CE5CE3BA24A7827D00E02AAD /* Sources */ = {
			isa = PBXSourcesBuildPhase;
			buildActionMask = 2147483647;
			files = (
				CE5CE3C324A7827D00E02AAD /* MonitorTrialTests.swift in Sources */,
			);
			runOnlyForDeploymentPostprocessing = 0;
		};
		CE5CE3C524A7827D00E02AAD /* Sources */ = {
			isa = PBXSourcesBuildPhase;
			buildActionMask = 2147483647;
			files = (
				CE5CE3CE24A7827D00E02AAD /* MonitorTrialUITests.swift in Sources */,
			);
			runOnlyForDeploymentPostprocessing = 0;
		};
/* End PBXSourcesBuildPhase section */

/* Begin PBXTargetDependency section */
		CE5CE3C024A7827D00E02AAD /* PBXTargetDependency */ = {
			isa = PBXTargetDependency;
			target = CE5CE3A924A7827C00E02AAD /* MonitorTrial */;
			targetProxy = CE5CE3BF24A7827D00E02AAD /* PBXContainerItemProxy */;
		};
		CE5CE3CB24A7827D00E02AAD /* PBXTargetDependency */ = {
			isa = PBXTargetDependency;
			target = CE5CE3A924A7827C00E02AAD /* MonitorTrial */;
			targetProxy = CE5CE3CA24A7827D00E02AAD /* PBXContainerItemProxy */;
		};
/* End PBXTargetDependency section */

/* Begin PBXVariantGroup section */
		CE5CE3B124A7827C00E02AAD /* Main.storyboard */ = {
			isa = PBXVariantGroup;
			children = (
				CE5CE3B224A7827C00E02AAD /* Base */,
			);
			name = Main.storyboard;
			sourceTree = "<group>";
		};
		CE5CE3B624A7827D00E02AAD /* LaunchScreen.storyboard */ = {
			isa = PBXVariantGroup;
			children = (
				CE5CE3B724A7827D00E02AAD /* Base */,
			);
			name = LaunchScreen.storyboard;
			sourceTree = "<group>";
		};
/* End PBXVariantGroup section */

/* Begin XCBuildConfiguration section */
		CE5CE3D024A7827E00E02AAD /* Debug */ = {
			isa = XCBuildConfiguration;
			buildSettings = {
				ALWAYS_SEARCH_USER_PATHS = NO;
				CLANG_ANALYZER_NONNULL = YES;
				CLANG_ANALYZER_NUMBER_OBJECT_CONVERSION = YES_AGGRESSIVE;
				CLANG_CXX_LANGUAGE_STANDARD = "gnu++14";
				CLANG_CXX_LIBRARY = "libc++";
				CLANG_ENABLE_MODULES = YES;
				CLANG_ENABLE_OBJC_ARC = YES;
				CLANG_ENABLE_OBJC_WEAK = YES;
				CLANG_WARN_BLOCK_CAPTURE_AUTORELEASING = YES;
				CLANG_WARN_BOOL_CONVERSION = YES;
				CLANG_WARN_COMMA = YES;
				CLANG_WARN_CONSTANT_CONVERSION = YES;
				CLANG_WARN_DEPRECATED_OBJC_IMPLEMENTATIONS = YES;
				CLANG_WARN_DIRECT_OBJC_ISA_USAGE = YES_ERROR;
				CLANG_WARN_DOCUMENTATION_COMMENTS = YES;
				CLANG_WARN_EMPTY_BODY = YES;
				CLANG_WARN_ENUM_CONVERSION = YES;
				CLANG_WARN_INFINITE_RECURSION = YES;
				CLANG_WARN_INT_CONVERSION = YES;
				CLANG_WARN_NON_LITERAL_NULL_CONVERSION = YES;
				CLANG_WARN_OBJC_IMPLICIT_RETAIN_SELF = YES;
				CLANG_WARN_OBJC_LITERAL_CONVERSION = YES;
				CLANG_WARN_OBJC_ROOT_CLASS = YES_ERROR;
				CLANG_WARN_RANGE_LOOP_ANALYSIS = YES;
				CLANG_WARN_STRICT_PROTOTYPES = YES;
				CLANG_WARN_SUSPICIOUS_MOVE = YES;
				CLANG_WARN_UNGUARDED_AVAILABILITY = YES_AGGRESSIVE;
				CLANG_WARN_UNREACHABLE_CODE = YES;
				CLANG_WARN__DUPLICATE_METHOD_MATCH = YES;
				CODE_SIGN_IDENTITY = "iPhone Developer";
				COPY_PHASE_STRIP = NO;
				DEBUG_INFORMATION_FORMAT = dwarf;
				ENABLE_STRICT_OBJC_MSGSEND = YES;
				ENABLE_TESTABILITY = YES;
				GCC_C_LANGUAGE_STANDARD = gnu11;
				GCC_DYNAMIC_NO_PIC = NO;
				GCC_NO_COMMON_BLOCKS = YES;
				GCC_OPTIMIZATION_LEVEL = 0;
				GCC_PREPROCESSOR_DEFINITIONS = (
					"DEBUG=1",
					"$(inherited)",
				);
				GCC_WARN_64_TO_32_BIT_CONVERSION = YES;
				GCC_WARN_ABOUT_RETURN_TYPE = YES_ERROR;
				GCC_WARN_UNDECLARED_SELECTOR = YES;
				GCC_WARN_UNINITIALIZED_AUTOS = YES_AGGRESSIVE;
				GCC_WARN_UNUSED_FUNCTION = YES;
				GCC_WARN_UNUSED_VARIABLE = YES;
				IPHONEOS_DEPLOYMENT_TARGET = 12.1;
				MTL_ENABLE_DEBUG_INFO = INCLUDE_SOURCE;
				MTL_FAST_MATH = YES;
				ONLY_ACTIVE_ARCH = YES;
				SDKROOT = iphoneos;
				SWIFT_ACTIVE_COMPILATION_CONDITIONS = DEBUG;
				SWIFT_OPTIMIZATION_LEVEL = "-Onone";
			};
			name = Debug;
		};
		CE5CE3D124A7827E00E02AAD /* Release */ = {
			isa = XCBuildConfiguration;
			buildSettings = {
				ALWAYS_SEARCH_USER_PATHS = NO;
				CLANG_ANALYZER_NONNULL = YES;
				CLANG_ANALYZER_NUMBER_OBJECT_CONVERSION = YES_AGGRESSIVE;
				CLANG_CXX_LANGUAGE_STANDARD = "gnu++14";
				CLANG_CXX_LIBRARY = "libc++";
				CLANG_ENABLE_MODULES = YES;
				CLANG_ENABLE_OBJC_ARC = YES;
				CLANG_ENABLE_OBJC_WEAK = YES;
				CLANG_WARN_BLOCK_CAPTURE_AUTORELEASING = YES;
				CLANG_WARN_BOOL_CONVERSION = YES;
				CLANG_WARN_COMMA = YES;
				CLANG_WARN_CONSTANT_CONVERSION = YES;
				CLANG_WARN_DEPRECATED_OBJC_IMPLEMENTATIONS = YES;
				CLANG_WARN_DIRECT_OBJC_ISA_USAGE = YES_ERROR;
				CLANG_WARN_DOCUMENTATION_COMMENTS = YES;
				CLANG_WARN_EMPTY_BODY = YES;
				CLANG_WARN_ENUM_CONVERSION = YES;
				CLANG_WARN_INFINITE_RECURSION = YES;
				CLANG_WARN_INT_CONVERSION = YES;
				CLANG_WARN_NON_LITERAL_NULL_CONVERSION = YES;
				CLANG_WARN_OBJC_IMPLICIT_RETAIN_SELF = YES;
				CLANG_WARN_OBJC_LITERAL_CONVERSION = YES;
				CLANG_WARN_OBJC_ROOT_CLASS = YES_ERROR;
				CLANG_WARN_RANGE_LOOP_ANALYSIS = YES;
				CLANG_WARN_STRICT_PROTOTYPES = YES;
				CLANG_WARN_SUSPICIOUS_MOVE = YES;
				CLANG_WARN_UNGUARDED_AVAILABILITY = YES_AGGRESSIVE;
				CLANG_WARN_UNREACHABLE_CODE = YES;
				CLANG_WARN__DUPLICATE_METHOD_MATCH = YES;
				CODE_SIGN_IDENTITY = "iPhone Developer";
				COPY_PHASE_STRIP = NO;
				DEBUG_INFORMATION_FORMAT = "dwarf-with-dsym";
				ENABLE_NS_ASSERTIONS = NO;
				ENABLE_STRICT_OBJC_MSGSEND = YES;
				GCC_C_LANGUAGE_STANDARD = gnu11;
				GCC_NO_COMMON_BLOCKS = YES;
				GCC_WARN_64_TO_32_BIT_CONVERSION = YES;
				GCC_WARN_ABOUT_RETURN_TYPE = YES_ERROR;
				GCC_WARN_UNDECLARED_SELECTOR = YES;
				GCC_WARN_UNINITIALIZED_AUTOS = YES_AGGRESSIVE;
				GCC_WARN_UNUSED_FUNCTION = YES;
				GCC_WARN_UNUSED_VARIABLE = YES;
				IPHONEOS_DEPLOYMENT_TARGET = 12.1;
				MTL_ENABLE_DEBUG_INFO = NO;
				MTL_FAST_MATH = YES;
				SDKROOT = iphoneos;
				SWIFT_COMPILATION_MODE = wholemodule;
				SWIFT_OPTIMIZATION_LEVEL = "-O";
				VALIDATE_PRODUCT = YES;
			};
			name = Release;
		};
		CE5CE3D324A7827E00E02AAD /* Debug */ = {
			isa = XCBuildConfiguration;
			baseConfigurationReference = 64CA695C2CBBB78009391B71 /* Pods-MonitorTrial.debug.xcconfig */;
			buildSettings = {
				ASSETCATALOG_COMPILER_APPICON_NAME = AppIcon;
				CODE_SIGN_STYLE = Automatic;
				INFOPLIST_FILE = MonitorTrial/Info.plist;
				LD_RUNPATH_SEARCH_PATHS = (
					"$(inherited)",
					"@executable_path/Frameworks",
				);
				PRODUCT_BUNDLE_IDENTIFIER = com.tobiefunnowo.MonitorTrial;
				PRODUCT_NAME = "$(TARGET_NAME)";
				SWIFT_VERSION = 4.2;
				TARGETED_DEVICE_FAMILY = "1,2";
			};
			name = Debug;
		};
		CE5CE3D424A7827E00E02AAD /* Release */ = {
			isa = XCBuildConfiguration;
			baseConfigurationReference = 127AA61E5D04A1005EB7BA56 /* Pods-MonitorTrial.release.xcconfig */;
			buildSettings = {
				ASSETCATALOG_COMPILER_APPICON_NAME = AppIcon;
				CODE_SIGN_STYLE = Automatic;
				INFOPLIST_FILE = MonitorTrial/Info.plist;
				LD_RUNPATH_SEARCH_PATHS = (
					"$(inherited)",
					"@executable_path/Frameworks",
				);
				PRODUCT_BUNDLE_IDENTIFIER = com.tobiefunnowo.MonitorTrial;
				PRODUCT_NAME = "$(TARGET_NAME)";
				SWIFT_VERSION = 4.2;
				TARGETED_DEVICE_FAMILY = "1,2";
			};
			name = Release;
		};
		CE5CE3D624A7827E00E02AAD /* Debug */ = {
			isa = XCBuildConfiguration;
			baseConfigurationReference = 9283B0EA25EA6F1776D0C56E /* Pods-MonitorTrialTests.debug.xcconfig */;
			buildSettings = {
				ALWAYS_EMBED_SWIFT_STANDARD_LIBRARIES = YES;
				BUNDLE_LOADER = "$(TEST_HOST)";
				CODE_SIGN_STYLE = Automatic;
				INFOPLIST_FILE = MonitorTrialTests/Info.plist;
				LD_RUNPATH_SEARCH_PATHS = (
					"$(inherited)",
					"@executable_path/Frameworks",
					"@loader_path/Frameworks",
				);
				PRODUCT_BUNDLE_IDENTIFIER = com.tobiefunnowo.MonitorTrialTests;
				PRODUCT_NAME = "$(TARGET_NAME)";
				SWIFT_VERSION = 4.2;
				TARGETED_DEVICE_FAMILY = "1,2";
				TEST_HOST = "$(BUILT_PRODUCTS_DIR)/MonitorTrial.app/MonitorTrial";
			};
			name = Debug;
		};
		CE5CE3D724A7827E00E02AAD /* Release */ = {
			isa = XCBuildConfiguration;
			baseConfigurationReference = 9CEC69DE52FB80F6055F04DF /* Pods-MonitorTrialTests.release.xcconfig */;
			buildSettings = {
				ALWAYS_EMBED_SWIFT_STANDARD_LIBRARIES = YES;
				BUNDLE_LOADER = "$(TEST_HOST)";
				CODE_SIGN_STYLE = Automatic;
				INFOPLIST_FILE = MonitorTrialTests/Info.plist;
				LD_RUNPATH_SEARCH_PATHS = (
					"$(inherited)",
					"@executable_path/Frameworks",
					"@loader_path/Frameworks",
				);
				PRODUCT_BUNDLE_IDENTIFIER = com.tobiefunnowo.MonitorTrialTests;
				PRODUCT_NAME = "$(TARGET_NAME)";
				SWIFT_VERSION = 4.2;
				TARGETED_DEVICE_FAMILY = "1,2";
				TEST_HOST = "$(BUILT_PRODUCTS_DIR)/MonitorTrial.app/MonitorTrial";
			};
			name = Release;
		};
		CE5CE3D924A7827E00E02AAD /* Debug */ = {
			isa = XCBuildConfiguration;
			baseConfigurationReference = 3757F08FC74CE88A4A3E5A61 /* Pods-MonitorTrial-MonitorTrialUITests.debug.xcconfig */;
			buildSettings = {
				ALWAYS_EMBED_SWIFT_STANDARD_LIBRARIES = YES;
				CODE_SIGN_STYLE = Automatic;
				INFOPLIST_FILE = MonitorTrialUITests/Info.plist;
				LD_RUNPATH_SEARCH_PATHS = (
					"$(inherited)",
					"@executable_path/Frameworks",
					"@loader_path/Frameworks",
				);
				PRODUCT_BUNDLE_IDENTIFIER = com.tobiefunnowo.MonitorTrialUITests;
				PRODUCT_NAME = "$(TARGET_NAME)";
				SWIFT_VERSION = 4.2;
				TARGETED_DEVICE_FAMILY = "1,2";
				TEST_TARGET_NAME = MonitorTrial;
			};
			name = Debug;
		};
		CE5CE3DA24A7827E00E02AAD /* Release */ = {
			isa = XCBuildConfiguration;
			baseConfigurationReference = 4202E5135608AD3E88AAB442 /* Pods-MonitorTrial-MonitorTrialUITests.release.xcconfig */;
			buildSettings = {
				ALWAYS_EMBED_SWIFT_STANDARD_LIBRARIES = YES;
				CODE_SIGN_STYLE = Automatic;
				INFOPLIST_FILE = MonitorTrialUITests/Info.plist;
				LD_RUNPATH_SEARCH_PATHS = (
					"$(inherited)",
					"@executable_path/Frameworks",
					"@loader_path/Frameworks",
				);
				PRODUCT_BUNDLE_IDENTIFIER = com.tobiefunnowo.MonitorTrialUITests;
				PRODUCT_NAME = "$(TARGET_NAME)";
				SWIFT_VERSION = 4.2;
				TARGETED_DEVICE_FAMILY = "1,2";
				TEST_TARGET_NAME = MonitorTrial;
			};
			name = Release;
		};
/* End XCBuildConfiguration section */

/* Begin XCConfigurationList section */
		CE5CE3A524A7827C00E02AAD /* Build configuration list for PBXProject "MonitorTrial" */ = {
			isa = XCConfigurationList;
			buildConfigurations = (
				CE5CE3D024A7827E00E02AAD /* Debug */,
				CE5CE3D124A7827E00E02AAD /* Release */,
			);
			defaultConfigurationIsVisible = 0;
			defaultConfigurationName = Release;
		};
		CE5CE3D224A7827E00E02AAD /* Build configuration list for PBXNativeTarget "MonitorTrial" */ = {
			isa = XCConfigurationList;
			buildConfigurations = (
				CE5CE3D324A7827E00E02AAD /* Debug */,
				CE5CE3D424A7827E00E02AAD /* Release */,
			);
			defaultConfigurationIsVisible = 0;
			defaultConfigurationName = Release;
		};
		CE5CE3D524A7827E00E02AAD /* Build configuration list for PBXNativeTarget "MonitorTrialTests" */ = {
			isa = XCConfigurationList;
			buildConfigurations = (
				CE5CE3D624A7827E00E02AAD /* Debug */,
				CE5CE3D724A7827E00E02AAD /* Release */,
			);
			defaultConfigurationIsVisible = 0;
			defaultConfigurationName = Release;
		};
		CE5CE3D824A7827E00E02AAD /* Build configuration list for PBXNativeTarget "MonitorTrialUITests" */ = {
			isa = XCConfigurationList;
			buildConfigurations = (
				CE5CE3D924A7827E00E02AAD /* Debug */,
				CE5CE3DA24A7827E00E02AAD /* Release */,
			);
			defaultConfigurationIsVisible = 0;
			defaultConfigurationName = Release;
		};
/* End XCConfigurationList section */
	};
	rootObject = CE5CE3A224A7827C00E02AAD /* Project object */;
}
